
Microsoft Visual Studio Solution File, Format Version 12.00
Project("{FAE04EC0-301F-11D3-BF4B-00C04F79EFBC}") = "WatermarkGenerator", "WatermarkGenerator.csproj", "{0EFAFFB1-2661-4DCD-A528-287A37F75EC4}"
EndProject
Global
	GlobalSection(SolutionConfigurationPlatforms) = preSolution
		Debug|Any CPU = Debug|Any CPU
		Release|Any CPU = Release|Any CPU
	EndGlobalSection
	GlobalSection(ProjectConfigurationPlatforms) = postSolution
		{0EFAFFB1-2661-4DCD-A528-287A37F75EC4}.Debug|Any CPU.ActiveCfg = Debug|Any CPU
		{0EFAFFB1-2661-4DCD-A528-287A37F75EC4}.Debug|Any CPU.Build.0 = Debug|Any CPU
		{0EFAFFB1-2661-4DCD-A528-287A37F75EC4}.Release|Any CPU.ActiveCfg = Release|Any CPU
		{0EFAFFB1-2661-4DCD-A528-287A37F75EC4}.Release|Any CPU.Build.0 = Release|Any CPU
	EndGlobalSection
EndGlobal
